lockVersion: 2.0.0
id: 235d426a-c612-4304-ac5f-6c28e6f08f2c
management:
  docChecksum: 044ba6ea348a6fb8206cacad6926373d
  docVersion: "1.7"
  speakeasyVersion: internal
  generationVersion: 2.250.22
  releaseVersion: 3.0.2
  configChecksum: 8b8e6b632c85a8abb9bdc45b728a8dcb
  repoURL: https://github.com/writerai/writer-client-sdk-typescript.git
  repoSubDirectory: .
  installationURL: https://github.com/writerai/writer-client-sdk-typescript
  published: true
features:
  typescript:
    acceptHeaders: 2.81.1
    core: 3.4.9
    downloadStreams: 0.1.1
    errors: 2.81.8
    flattening: 2.81.1
    globalSecurity: 2.82.2
    globalServerURLs: 2.82.2
    globals: 2.81.1
    nameOverrides: 2.81.1
generatedFiles:
  - src/sdk/billing.ts
  - src/sdk/aicontentdetector.ts
  - src/sdk/content.ts
  - src/sdk/cowrite.ts
  - src/sdk/files.ts
  - src/sdk/models.ts
  - src/sdk/completions.ts
  - src/sdk/modelcustomization.ts
  - src/sdk/downloadthecustomizedmodel.ts
  - src/sdk/document.ts
  - src/sdk/snippet.ts
  - src/sdk/styleguide.ts
  - src/sdk/terminology.ts
  - src/sdk/user.ts
  - src/sdk/sdk.ts
  - .eslintrc.js
  - .npmignore
  - RUNTIMES.md
  - package-lock.json
  - package.json
  - src/index.ts
  - src/lib/base64.ts
  - src/lib/config.ts
  - src/lib/encodings.ts
  - src/lib/event-streams.ts
  - src/lib/http.ts
  - src/lib/retries.ts
  - src/lib/sdks.ts
  - src/lib/security.ts
  - src/lib/url.ts
  - src/sdk/index.ts
  - src/sdk/models/errors/sdkerror.ts
  - src/sdk/types/blobs.ts
  - src/sdk/types/decimal.ts
  - src/sdk/types/index.ts
  - src/sdk/types/operations.ts
  - src/sdk/types/rfcdate.ts
  - tsconfig.json
  - src/sdk/models/operations/getsubscriptiondetails.ts
  - src/sdk/models/operations/detectcontent.ts
  - src/sdk/models/operations/contentcheck.ts
  - src/sdk/models/operations/contentcorrect.ts
  - src/sdk/models/operations/generatecontent.ts
  - src/sdk/models/operations/listtemplates.ts
  - src/sdk/models/operations/deletefile.ts
  - src/sdk/models/operations/getfile.ts
  - src/sdk/models/operations/listfiles.ts
  - src/sdk/models/operations/uploadfile.ts
  - src/sdk/models/operations/listmodels.ts
  - src/sdk/models/operations/createcompletion.ts
  - src/sdk/models/operations/createmodelcustomizationcompletion.ts
  - src/sdk/models/operations/createmodelcustomization.ts
  - src/sdk/models/operations/deletemodelcustomization.ts
  - src/sdk/models/operations/getmodelcustomization.ts
  - src/sdk/models/operations/listmodelcustomizations.ts
  - src/sdk/models/operations/fetchcustomizedmodelfile.ts
  - src/sdk/models/operations/getdocumentdetails.ts
  - src/sdk/models/operations/listteamdocuments.ts
  - src/sdk/models/operations/deletesnippets.ts
  - src/sdk/models/operations/findsnippets.ts
  - src/sdk/models/operations/updatesnippets.ts
  - src/sdk/models/operations/pagedetails.ts
  - src/sdk/models/operations/listpages.ts
  - src/sdk/models/operations/addterms.ts
  - src/sdk/models/operations/deleteterms.ts
  - src/sdk/models/operations/findterms.ts
  - src/sdk/models/operations/updateterms.ts
  - src/sdk/models/operations/listusers.ts
  - src/sdk/models/shared/subscriptionpublicresponseapi.ts
  - src/sdk/models/shared/usage.ts
  - src/sdk/models/shared/usageitem.ts
  - src/sdk/models/shared/metadata.ts
  - src/sdk/models/shared/failmessage.ts
  - src/sdk/models/shared/contentdetectorresponse.ts
  - src/sdk/models/shared/contentdetectorrequest.ts
  - src/sdk/models/shared/processedcontent.ts
  - src/sdk/models/shared/contentissue.ts
  - src/sdk/models/shared/contentrequest.ts
  - src/sdk/models/shared/contentsettings.ts
  - src/sdk/models/shared/correctionresponse.ts
  - src/sdk/models/shared/draft.ts
  - src/sdk/models/shared/generatetemplaterequest.ts
  - src/sdk/models/shared/magicrequestinput.ts
  - src/sdk/models/shared/templatedetailsresponse.ts
  - src/sdk/models/shared/input.ts
  - src/sdk/models/shared/modelfile.ts
  - src/sdk/models/shared/modelfilesresponse.ts
  - src/sdk/models/shared/uploadmodelfilerequest.ts
  - src/sdk/models/shared/generationmodelsresponse.ts
  - src/sdk/models/shared/generationmodelinforesponse.ts
  - src/sdk/models/shared/completionresponse.ts
  - src/sdk/models/shared/completiongenerationchoice.ts
  - src/sdk/models/shared/completiongenerationchoicelogprobs.ts
  - src/sdk/models/shared/completionrequest.ts
  - src/sdk/models/shared/modelcustomization.ts
  - src/sdk/models/shared/hyperparameters.ts
  - src/sdk/models/shared/createcustomizationrequest.ts
  - src/sdk/models/shared/customizationsresponse.ts
  - src/sdk/models/shared/document.ts
  - src/sdk/models/shared/simpleuser.ts
  - src/sdk/models/shared/briefdocuments.ts
  - src/sdk/models/shared/briefdocument.ts
  - src/sdk/models/shared/pagination.ts
  - src/sdk/models/shared/deleteresponse.ts
  - src/sdk/models/shared/paginatedresultsnippetwithuser.ts
  - src/sdk/models/shared/snippetwithuser.ts
  - src/sdk/models/shared/snippettagv2.ts
  - src/sdk/models/shared/terminologyuser.ts
  - src/sdk/models/shared/snippetupdate.ts
  - src/sdk/models/shared/pagewithsectionresponse.ts
  - src/sdk/models/shared/sectioninfo.ts
  - src/sdk/models/shared/paginatedresultpagepublicapiresponse.ts
  - src/sdk/models/shared/pagepublicapiresponse.ts
  - src/sdk/models/shared/createtermsresponse.ts
  - src/sdk/models/shared/fulltermwithuser.ts
  - src/sdk/models/shared/termtagresponse.ts
  - src/sdk/models/shared/termmistake.ts
  - src/sdk/models/shared/fulllinkedterm.ts
  - src/sdk/models/shared/approvedtermextension.ts
  - src/sdk/models/shared/termexample.ts
  - src/sdk/models/shared/createtermsrequest.ts
  - src/sdk/models/shared/termcreate.ts
  - src/sdk/models/shared/termtagcreate.ts
  - src/sdk/models/shared/termmistakecreate.ts
  - src/sdk/models/shared/linkedtermcreate.ts
  - src/sdk/models/shared/termexamplecreate.ts
  - src/sdk/models/shared/approvedtermextensioncreate.ts
  - src/sdk/models/shared/paginatedresultfulltermwithuser.ts
  - src/sdk/models/shared/updatetermsrequest.ts
  - src/sdk/models/shared/termupdate.ts
  - src/sdk/models/shared/paginatedresultuserpublicresponse.ts
  - src/sdk/models/shared/userpublicresponse.ts
  - src/sdk/models/shared/security.ts
  - src/sdk/models/errors/failresponse.ts
  - src/sdk/models/errors/index.ts
  - src/sdk/models/operations/index.ts
  - src/sdk/models/shared/index.ts
  - docs/sdk/models/operations/getsubscriptiondetailsresponse.md
  - docs/sdk/models/operations/detectcontentrequest.md
  - docs/sdk/models/operations/detectcontentresponse.md
  - docs/sdk/models/operations/contentcheckrequest.md
  - docs/sdk/models/operations/contentcheckresponse.md
  - docs/sdk/models/operations/contentcorrectrequest.md
  - docs/sdk/models/operations/contentcorrectresponse.md
  - docs/sdk/models/operations/generatecontentrequest.md
  - docs/sdk/models/operations/generatecontentresponse.md
  - docs/sdk/models/operations/listtemplatesrequest.md
  - docs/sdk/models/operations/listtemplatesresponse.md
  - docs/sdk/models/operations/deletefilerequest.md
  - docs/sdk/models/operations/deletefileresponsebody.md
  - docs/sdk/models/operations/deletefileresponse.md
  - docs/sdk/models/operations/getfilerequest.md
  - docs/sdk/models/operations/getfileresponse.md
  - docs/sdk/models/operations/listfilesrequest.md
  - docs/sdk/models/operations/listfilesresponse.md
  - docs/sdk/models/operations/uploadfilerequest.md
  - docs/sdk/models/operations/uploadfileresponse.md
  - docs/sdk/models/operations/listmodelsrequest.md
  - docs/sdk/models/operations/listmodelsresponse.md
  - docs/sdk/models/operations/createcompletionrequest.md
  - docs/sdk/models/operations/createcompletionresponse.md
  - docs/sdk/models/operations/createmodelcustomizationcompletionrequest.md
  - docs/sdk/models/operations/createmodelcustomizationcompletionresponse.md
  - docs/sdk/models/operations/createmodelcustomizationrequest.md
  - docs/sdk/models/operations/createmodelcustomizationresponse.md
  - docs/sdk/models/operations/deletemodelcustomizationrequest.md
  - docs/sdk/models/operations/deletemodelcustomizationresponsebody.md
  - docs/sdk/models/operations/deletemodelcustomizationresponse.md
  - docs/sdk/models/operations/getmodelcustomizationrequest.md
  - docs/sdk/models/operations/getmodelcustomizationresponse.md
  - docs/sdk/models/operations/listmodelcustomizationsrequest.md
  - docs/sdk/models/operations/listmodelcustomizationsresponse.md
  - docs/sdk/models/operations/fetchcustomizedmodelfilerequest.md
  - docs/sdk/models/operations/fetchcustomizedmodelfileresponse.md
  - docs/sdk/models/operations/getdocumentdetailsrequest.md
  - docs/sdk/models/operations/getdocumentdetailsresponse.md
  - docs/sdk/models/operations/listteamdocumentsqueryparamsortfield.md
  - docs/sdk/models/operations/listteamdocumentsqueryparamsortorder.md
  - docs/sdk/models/operations/listteamdocumentsrequest.md
  - docs/sdk/models/operations/listteamdocumentsresponse.md
  - docs/sdk/models/operations/deletesnippetsrequest.md
  - docs/sdk/models/operations/deletesnippetsresponse.md
  - docs/sdk/models/operations/sortfield.md
  - docs/sdk/models/operations/sortorder.md
  - docs/sdk/models/operations/findsnippetsrequest.md
  - docs/sdk/models/operations/findsnippetsresponse.md
  - docs/sdk/models/operations/updatesnippetsrequest.md
  - docs/sdk/models/operations/updatesnippetsresponse.md
  - docs/sdk/models/operations/pagedetailsrequest.md
  - docs/sdk/models/operations/pagedetailsresponse.md
  - docs/sdk/models/operations/status.md
  - docs/sdk/models/operations/listpagesrequest.md
  - docs/sdk/models/operations/listpagesresponse.md
  - docs/sdk/models/operations/addtermsrequest.md
  - docs/sdk/models/operations/addtermsresponse.md
  - docs/sdk/models/operations/deletetermsrequest.md
  - docs/sdk/models/operations/deletetermsresponse.md
  - docs/sdk/models/operations/partofspeech.md
  - docs/sdk/models/operations/queryparamsortfield.md
  - docs/sdk/models/operations/queryparamsortorder.md
  - docs/sdk/models/operations/type.md
  - docs/sdk/models/operations/findtermsrequest.md
  - docs/sdk/models/operations/findtermsresponse.md
  - docs/sdk/models/operations/updatetermsrequest.md
  - docs/sdk/models/operations/updatetermsresponse.md
  - docs/sdk/models/operations/listusersqueryparamsortfield.md
  - docs/sdk/models/operations/listusersqueryparamsortorder.md
  - docs/sdk/models/operations/listusersrequest.md
  - docs/sdk/models/operations/listusersresponse.md
  - docs/sdk/models/shared/productname.md
  - docs/sdk/models/shared/subscriptionpublicresponseapistatus.md
  - docs/sdk/models/shared/subscriptionpublicresponseapi.md
  - docs/sdk/models/shared/usage.md
  - docs/sdk/models/shared/usageitem.md
  - docs/sdk/models/shared/tier.md
  - docs/sdk/models/shared/metadata.md
  - docs/sdk/models/shared/failmessage.md
  - docs/sdk/models/shared/label.md
  - docs/sdk/models/shared/contentdetectorresponse.md
  - docs/sdk/models/shared/contentdetectorrequest.md
  - docs/sdk/models/shared/processedcontent.md
  - docs/sdk/models/shared/service.md
  - docs/sdk/models/shared/contentissue.md
  - docs/sdk/models/shared/contentrequest.md
  - docs/sdk/models/shared/contentsettings.md
  - docs/sdk/models/shared/correctionresponse.md
  - docs/sdk/models/shared/draft.md
  - docs/sdk/models/shared/generatetemplaterequest.md
  - docs/sdk/models/shared/magicrequestinput.md
  - docs/sdk/models/shared/templatedetailsresponse.md
  - docs/sdk/models/shared/inputtype.md
  - docs/sdk/models/shared/input.md
  - docs/sdk/models/shared/modelfile.md
  - docs/sdk/models/shared/modelfilesresponse.md
  - docs/sdk/models/shared/filet.md
  - docs/sdk/models/shared/uploadmodelfilerequest.md
  - docs/sdk/models/shared/generationmodelsresponse.md
  - docs/sdk/models/shared/generationmodelinforesponsetype.md
  - docs/sdk/models/shared/generationmodelinforesponse.md
  - docs/sdk/models/shared/completionresponse.md
  - docs/sdk/models/shared/completiongenerationchoice.md
  - docs/sdk/models/shared/completiongenerationchoicelogprobs.md
  - docs/sdk/models/shared/completionrequest.md
  - docs/sdk/models/shared/modelcustomization.md
  - docs/sdk/models/shared/hyperparameters.md
  - docs/sdk/models/shared/createcustomizationrequest.md
  - docs/sdk/models/shared/customizationsresponse.md
  - docs/sdk/models/shared/documentaccess.md
  - docs/sdk/models/shared/document.md
  - docs/sdk/models/shared/simpleuser.md
  - docs/sdk/models/shared/briefdocuments.md
  - docs/sdk/models/shared/access.md
  - docs/sdk/models/shared/briefdocument.md
  - docs/sdk/models/shared/pagination.md
  - docs/sdk/models/shared/deleteresponse.md
  - docs/sdk/models/shared/paginatedresultsnippetwithuser.md
  - docs/sdk/models/shared/snippetwithuser.md
  - docs/sdk/models/shared/snippettagv2.md
  - docs/sdk/models/shared/terminologyuser.md
  - docs/sdk/models/shared/snippetupdate.md
  - docs/sdk/models/shared/pagewithsectionresponsestatus.md
  - docs/sdk/models/shared/pagewithsectionresponse.md
  - docs/sdk/models/shared/sectioninfo.md
  - docs/sdk/models/shared/paginatedresultpagepublicapiresponse.md
  - docs/sdk/models/shared/status.md
  - docs/sdk/models/shared/pagepublicapiresponse.md
  - docs/sdk/models/shared/createtermsresponse.md
  - docs/sdk/models/shared/fulltermwithuserpos.md
  - docs/sdk/models/shared/type.md
  - docs/sdk/models/shared/fulltermwithuser.md
  - docs/sdk/models/shared/termtagresponse.md
  - docs/sdk/models/shared/termmistakepos.md
  - docs/sdk/models/shared/termmistake.md
  - docs/sdk/models/shared/pos.md
  - docs/sdk/models/shared/fulllinkedterm.md
  - docs/sdk/models/shared/approvedtermextension.md
  - docs/sdk/models/shared/termexampletype.md
  - docs/sdk/models/shared/termexample.md
  - docs/sdk/models/shared/failhandling.md
  - docs/sdk/models/shared/createtermsrequest.md
  - docs/sdk/models/shared/termcreatepos.md
  - docs/sdk/models/shared/termcreatetype.md
  - docs/sdk/models/shared/termcreate.md
  - docs/sdk/models/shared/termtagcreate.md
  - docs/sdk/models/shared/termmistakecreatepos.md
  - docs/sdk/models/shared/termmistakecreate.md
  - docs/sdk/models/shared/linkedtermcreate.md
  - docs/sdk/models/shared/termexamplecreatetype.md
  - docs/sdk/models/shared/termexamplecreate.md
  - docs/sdk/models/shared/approvedtermextensioncreate.md
  - docs/sdk/models/shared/paginatedresultfulltermwithuser.md
  - docs/sdk/models/shared/updatetermsrequestfailhandling.md
  - docs/sdk/models/shared/updatetermsrequest.md
  - docs/sdk/models/shared/termupdatepos.md
  - docs/sdk/models/shared/termupdatetype.md
  - docs/sdk/models/shared/termupdate.md
  - docs/sdk/models/shared/paginatedresultuserpublicresponse.md
  - docs/sdk/models/shared/accountstatus.md
  - docs/sdk/models/shared/userpublicresponse.md
  - docs/sdk/models/shared/security.md
  - docs/sdk/models/errors/failresponse.md
  - docs/sdks/writer/README.md
  - docs/sdks/billing/README.md
  - docs/sdks/aicontentdetector/README.md
  - docs/sdks/content/README.md
  - docs/sdks/cowrite/README.md
  - docs/sdks/files/README.md
  - docs/sdks/models/README.md
  - docs/sdks/completions/README.md
  - docs/sdks/modelcustomization/README.md
  - docs/sdks/downloadthecustomizedmodel/README.md
  - docs/sdks/document/README.md
  - docs/sdks/snippet/README.md
  - docs/sdks/styleguide/README.md
  - docs/sdks/terminology/README.md
  - docs/sdks/user/README.md
  - USAGE.md
  - .gitattributes
